
Microsoft Visual Studio Solution File, Format Version 12.00
# Visual Studio Version 16
VisualStudioVersion = 16.0.31702.278
MinimumVisualStudioVersion = 10.0.40219.1
Project("{FAE04EC0-301F-11D3-BF4B-00C04F79EFBC}") = "TestConsoleApp", "TestConsoleApp\TestConsoleApp.csproj", "{4D5DCC96-CB47-49CD-B2D2-53B99B7BDC0B}"
EndProject
Global
	GlobalSection(SolutionConfigurationPlatforms) = preSolution
		Debug|Any CPU = Debug|Any CPU
		Release|Any CPU = Release|Any CPU
	EndGlobalSection
	GlobalSection(ProjectConfigurationPlatforms) = postSolution
		{4D5DCC96-CB47-49CD-B2D2-53B99B7BDC0B}.Debug|Any CPU.ActiveCfg = Debug|Any CPU
		{4D5DCC96-CB47-49CD-B2D2-53B99B7BDC0B}.Debug|Any CPU.Build.0 = Debug|Any CPU
		{4D5DCC96-CB47-49CD-B2D2-53B99B7BDC0B}.Release|Any CPU.ActiveCfg = Release|Any CPU
		{4D5DCC96-CB47-49CD-B2D2-53B99B7BDC0B}.Release|Any CPU.Build.0 = Release|Any CPU
	EndGlobalSection
	GlobalSection(SolutionProperties) = preSolution
		HideSolutionNode = FALSE
	EndGlobalSection
	GlobalSection(ExtensibilityGlobals) = postSolution
		SolutionGuid = {CB6457AD-9423-4045-8D6A-29B19CFE3EB2}
	EndGlobalSection
EndGlobal
